
Microsoft Visual Studio Solution File, Format Version 12.00
# Visual Studio Version 17
VisualStudioVersion = 17.4.33403.182
MinimumVisualStudioVersion = 10.0.40219.1
Project("{F184B08F-C81C-45F6-A57F-5ABD9991F28F}") = "WindowsApp1", "WindowsApp1.vbproj", "{D07B8222-AD88-48B1-BC23-E138B0507DCA}"
EndProject
Global
	GlobalSection(SolutionConfigurationPlatforms) = preSolution
		Debug|Any CPU = Debug|Any CPU
		Release|Any CPU = Release|Any CPU
	EndGlobalSection
	GlobalSection(ProjectConfigurationPlatforms) = postSolution
		{D07B8222-AD88-48B1-BC23-E138B0507DCA}.Debug|Any CPU.ActiveCfg = Debug|Any CPU
		{D07B8222-AD88-48B1-BC23-E138B0507DCA}.Debug|Any CPU.Build.0 = Debug|Any CPU
		{D07B8222-AD88-48B1-BC23-E138B0507DCA}.Release|Any CPU.ActiveCfg = Release|Any CPU
		{D07B8222-AD88-48B1-BC23-E138B0507DCA}.Release|Any CPU.Build.0 = Release|Any CPU
	EndGlobalSection
	GlobalSection(SolutionProperties) = preSolution
		HideSolutionNode = FALSE
	EndGlobalSection
	GlobalSection(ExtensibilityGlobals) = postSolution
		SolutionGuid = {E242D466-5865-4B39-8A6C-B9EADB78B0A5}
	EndGlobalSection
EndGlobal
